
Microsoft Visual Studio Solution File, Format Version 12.00
# Visual Studio Version 17
VisualStudioVersion = 17.5.002.0
MinimumVisualStudioVersion = 10.0.40219.1
Project("{9A19103F-16F7-4668-BE54-9A1E7A4F7556}") = "Console", "Console\Console.csproj", "{59317DF7-37FA-4DC9-B6D9-3C4203D270A2}"
EndProject
Global
	GlobalSection(SolutionConfigurationPlatforms) = preSolution
		Debug|Any CPU = Debug|Any CPU
		Release|Any CPU = Release|Any CPU
	EndGlobalSection
	GlobalSection(ProjectConfigurationPlatforms) = postSolution
		{59317DF7-37FA-4DC9-B6D9-3C4203D270A2}.Debug|Any CPU.ActiveCfg = Debug|Any CPU
		{59317DF7-37FA-4DC9-B6D9-3C4203D270A2}.Debug|Any CPU.Build.0 = Debug|Any CPU
		{59317DF7-37FA-4DC9-B6D9-3C4203D270A2}.Release|Any CPU.ActiveCfg = Release|Any CPU
		{59317DF7-37FA-4DC9-B6D9-3C4203D270A2}.Release|Any CPU.Build.0 = Release|Any CPU
	EndGlobalSection
	GlobalSection(SolutionProperties) = preSolution
		HideSolutionNode = FALSE
	EndGlobalSection
	GlobalSection(ExtensibilityGlobals) = postSolution
		SolutionGuid = {1BED280D-9245-40B4-B941-E6FA388AA0A2}
	EndGlobalSection
EndGlobal
